// !$*UTF8*$!
{
	archiveVersion = 1;
	classes = {
	};
	objectVersion = 46;
	objects = {

/* Begin PBXBuildFile section */
		69ED70FB57180883AD4ED3C3 /* CoreData.framework in Frameworks */ = {isa = PBXBuildFile; fileRef = 69ED7120B571BF8199D5EC19 /* CoreData.framework */; };
		69ED710DA0CD873AEDA70FE0 /* UIKit.framework in Frameworks */ = {isa = PBXBuildFile; fileRef = 69ED7044B53C2C227043F281 /* UIKit.framework */; };
		69ED711A9B09E976E2D1065A /* SenTestingKit.framework in Frameworks */ = {isa = PBXBuildFile; fileRef = 69ED7D2FA5ED3FFC4A49298A /* SenTestingKit.framework */; };
		69ED73478A6BED4462A95D99 /* CoreDataImport.xcdatamodeld in Sources */ = {isa = PBXBuildFile; fileRef = 69ED7D2905CDB05B45F8D610 /* CoreDataImport.xcdatamodeld */; };
		69ED737C54E5637F6295BAB9 /* Default-568h@2x.png in Resources */ = {isa = PBXBuildFile; fileRef = 69ED79C0616532F9561E2BD0 /* Default-568h@2x.png */; };
		69ED73C21210E706A6F07707 /* CoreDataImportTests.m in Sources */ = {isa = PBXBuildFile; fileRef = 69ED78E3F28650427B744AA0 /* CoreDataImportTests.m */; };
		69ED750A383132A65474E50A /* CBIAppDelegate.m in Sources */ = {isa = PBXBuildFile; fileRef = 69ED7C93CCFC2340EB0E3B82 /* CBIAppDelegate.m */; };
		69ED77331A63075062A0F71D /* CDIBatch.m in Sources */ = {isa = PBXBuildFile; fileRef = 69ED79BF52F67B086025E931 /* CDIBatch.m */; };
		69ED78B934059DAF7E58CFF1 /* Default@2x.png in Resources */ = {isa = PBXBuildFile; fileRef = 69ED75C4C3B5A59E059589D9 /* Default@2x.png */; };
		69ED78D52E17CCEBA1F91C5E /* CoreData.framework in Frameworks */ = {isa = PBXBuildFile; fileRef = 69ED7120B571BF8199D5EC19 /* CoreData.framework */; };
		69ED79568364AF78B28F65B9 /* CDIOperation.m in Sources */ = {isa = PBXBuildFile; fileRef = 69ED79EFEF0CFA76205EB565 /* CDIOperation.m */; };
		69ED79FE53CC3328AC8A9AB7 /* Foundation.framework in Frameworks */ = {isa = PBXBuildFile; fileRef = 69ED7D93D6A2818A09FFD59E /* Foundation.framework */; };
		69ED7A98C631C63A4E955403 /* CoreGraphics.framework in Frameworks */ = {isa = PBXBuildFile; fileRef = 69ED7C26016F28DAA8C193C6 /* CoreGraphics.framework */; };
		69ED7C22AB58BC29DC77478D /* Foundation.framework in Frameworks */ = {isa = PBXBuildFile; fileRef = 69ED7D93D6A2818A09FFD59E /* Foundation.framework */; };
		69ED7C41F15D485DC5CA10ED /* main.m in Sources */ = {isa = PBXBuildFile; fileRef = 69ED792E2551B9CE857DAC1B /* main.m */; };
		69ED7CE5445B20CA953DEF4E /* NSManagedObject+CDIPrimaryKeys.m in Sources */ = {isa = PBXBuildFile; fileRef = 69ED76D734E1ED47AD31BFAE /* NSManagedObject+CDIPrimaryKeys.m */; };
		69ED7CF21AB4DE801241176B /* InfoPlist.strings in Resources */ = {isa = PBXBuildFile; fileRef = 69ED7B0DFCCDD4C903A411E3 /* InfoPlist.strings */; };
		69ED7D34CFD6443C8EE4686A /* UIKit.framework in Frameworks */ = {isa = PBXBuildFile; fileRef = 69ED7044B53C2C227043F281 /* UIKit.framework */; };
		69ED7D97224D52345884C4DD /* InfoPlist.strings in Resources */ = {isa = PBXBuildFile; fileRef = 69ED79E22D96553ED51A89FB /* InfoPlist.strings */; };
		69ED7E7CE11356CE2A42F2F4 /* Default.png in Resources */ = {isa = PBXBuildFile; fileRef = 69ED71E96C64E47F1F23F92F /* Default.png */; };
/* End PBXBuildFile section */

/* Begin PBXContainerItemProxy section */
		69ED7F9D6364DC695A846972 /* PBXContainerItemProxy */ = {
			isa = PBXContainerItemProxy;
			containerPortal = 69ED754A78672B2B86557F5E /* Project object */;
			proxyType = 1;
			remoteGlobalIDString = 69ED72C0144CC1CEDEC53E31;
			remoteInfo = CoreDataImport;
		};
/* End PBXContainerItemProxy section */

/* Begin PBXFileReference section */
		69ED7044B53C2C227043F281 /* UIKit.framework */ = {isa = PBXFileReference; lastKnownFileType = wrapper.framework; name = UIKit.framework; path = System/Library/Frameworks/UIKit.framework; sourceTree = SDKROOT; };
		69ED7120B571BF8199D5EC19 /* CoreData.framework */ = {isa = PBXFileReference; lastKnownFileType = wrapper.framework; name = CoreData.framework; path = System/Library/Frameworks/CoreData.framework; sourceTree = SDKROOT; };
		69ED71E5A71E9BC5A0779E46 /* NSManagedObject+CDIPrimaryKeys.h */ = {isa = PBXFileReference; fileEncoding = 4; lastKnownFileType = sourcecode.c.h; path = "NSManagedObject+CDIPrimaryKeys.h"; sourceTree = "<group>"; };
		69ED71E96C64E47F1F23F92F /* Default.png */ = {isa = PBXFileReference; lastKnownFileType = image.png; path = Default.png; sourceTree = "<group>"; };
		69ED72D274935ACF088BF12F /* CoreDataImport.xcdatamodel */ = {isa = PBXFileReference; lastKnownFileType = wrapper.xcdatamodel; path = CoreDataImport.xcdatamodel; sourceTree = "<group>"; };
		69ED73DAB54D55758078B812 /* CDIOperation+Protected.h */ = {isa = PBXFileReference; fileEncoding = 4; lastKnownFileType = sourcecode.c.h; path = "CDIOperation+Protected.h"; sourceTree = "<group>"; };
		69ED73F1309803ECBC790E98 /* CoreDataImportTests.octest */ = {isa = PBXFileReference; explicitFileType = wrapper.cfbundle; includeInIndex = 0; path = CoreDataImportTests.octest; sourceTree = BUILT_PRODUCTS_DIR; };
		69ED74993F76813B26698C06 /* CDIBatch.h */ = {isa = PBXFileReference; fileEncoding = 4; lastKnownFileType = sourcecode.c.h; path = CDIBatch.h; sourceTree = "<group>"; };
		69ED75C4C3B5A59E059589D9 /* Default@2x.png */ = {isa = PBXFileReference; lastKnownFileType = image.png; path = "Default@2x.png"; sourceTree = "<group>"; };
		69ED76D734E1ED47AD31BFAE /* NSManagedObject+CDIPrimaryKeys.m */ = {isa = PBXFileReference; fileEncoding = 4; lastKnownFileType = sourcecode.c.objc; path = "NSManagedObject+CDIPrimaryKeys.m"; sourceTree = "<group>"; };
		69ED77948590F90E822A1B85 /* en */ = {isa = PBXFileReference; lastKnownFileType = text.plist.strings; name = en; path = en.lproj/InfoPlist.strings; sourceTree = "<group>"; };
		69ED7897D807100DBA58F72B /* CBIAppDelegate.h */ = {isa = PBXFileReference; lastKnownFileType = sourcecode.c.h; path = CBIAppDelegate.h; sourceTree = "<group>"; };
		69ED78B51F9F81221A723D00 /* CDIBatch+Package.h */ = {isa = PBXFileReference; fileEncoding = 4; lastKnownFileType = sourcecode.c.h; path = "CDIBatch+Package.h"; sourceTree = "<group>"; };
		69ED78E3F28650427B744AA0 /* CoreDataImportTests.m */ = {isa = PBXFileReference; lastKnownFileType = sourcecode.c.objc; path = CoreDataImportTests.m; sourceTree = "<group>"; };
		69ED792E2551B9CE857DAC1B /* main.m */ = {isa = PBXFileReference; lastKnownFileType = sourcecode.c.objc; path = main.m; sourceTree = "<group>"; };
		69ED795F7C78C7523FF63AE0 /* CoreDataImportTests-Info.plist */ = {isa = PBXFileReference; lastKnownFileType = text.plist.info; path = "CoreDataImportTests-Info.plist"; sourceTree = "<group>"; };
		69ED79ACB1C52983550E9837 /* CoreDataImport-Prefix.pch */ = {isa = PBXFileReference; lastKnownFileType = sourcecode.c.h; path = "CoreDataImport-Prefix.pch"; sourceTree = "<group>"; };
		69ED79BF52F67B086025E931 /* CDIBatch.m */ = {isa = PBXFileReference; fileEncoding = 4; lastKnownFileType = sourcecode.c.objc; path = CDIBatch.m; sourceTree = "<group>"; };
		69ED79C0616532F9561E2BD0 /* Default-568h@2x.png */ = {isa = PBXFileReference; lastKnownFileType = image.png; path = "Default-568h@2x.png"; sourceTree = "<group>"; };
		69ED79EFEF0CFA76205EB565 /* CDIOperation.m */ = {isa = PBXFileReference; fileEncoding = 4; lastKnownFileType = sourcecode.c.objc; path = CDIOperation.m; sourceTree = "<group>"; };
		69ED7A526E946237B6016827 /* en */ = {isa = PBXFileReference; lastKnownFileType = text.plist.strings; name = en; path = en.lproj/InfoPlist.strings; sourceTree = "<group>"; };
		69ED7A6158DFAB5390456E7E /* CoreDataImport-Info.plist */ = {isa = PBXFileReference; lastKnownFileType = text.plist.info; path = "CoreDataImport-Info.plist"; sourceTree = "<group>"; };
		69ED7B06EAF3BB2FB6FD760D /* CDIExtension.h */ = {isa = PBXFileReference; fileEncoding = 4; lastKnownFileType = sourcecode.c.h; path = CDIExtension.h; sourceTree = "<group>"; };
		69ED7BC0499C86941774D924 /* CDIOperation.h */ = {isa = PBXFileReference; fileEncoding = 4; lastKnownFileType = sourcecode.c.h; path = CDIOperation.h; sourceTree = "<group>"; };
		69ED7C26016F28DAA8C193C6 /* CoreGraphics.framework */ = {isa = PBXFileReference; lastKnownFileType = wrapper.framework; name = CoreGraphics.framework; path = System/Library/Frameworks/CoreGraphics.framework; sourceTree = SDKROOT; };
		69ED7C93CCFC2340EB0E3B82 /* CBIAppDelegate.m */ = {isa = PBXFileReference; lastKnownFileType = sourcecode.c.objc; path = CBIAppDelegate.m; sourceTree = "<group>"; };
		69ED7D066406459AF48254FB /* CoreDataImport.app */ = {isa = PBXFileReference; explicitFileType = wrapper.application; includeInIndex = 0; path = CoreDataImport.app; sourceTree = BUILT_PRODUCTS_DIR; };
		69ED7D2FA5ED3FFC4A49298A /* SenTestingKit.framework */ = {isa = PBXFileReference; lastKnownFileType = wrapper.framework; name = SenTestingKit.framework; path = Library/Frameworks/SenTestingKit.framework; sourceTree = DEVELOPER_DIR; };
		69ED7D45CF49C4498940FCBA /* CoreDataImportTests.h */ = {isa = PBXFileReference; lastKnownFileType = sourcecode.c.h; path = CoreDataImportTests.h; sourceTree = "<group>"; };
		69ED7D93D6A2818A09FFD59E /* Foundation.framework */ = {isa = PBXFileReference; lastKnownFileType = wrapper.framework; name = Foundation.framework; path = System/Library/Frameworks/Foundation.framework; sourceTree = SDKROOT; };
/* End PBXFileReference section */

/* Begin PBXFrameworksBuildPhase section */
		69ED716AD7EB69B747A5F544 /* Frameworks */ = {
			isa = PBXFrameworksBuildPhase;
			buildActionMask = 2147483647;
			files = (
				69ED7D34CFD6443C8EE4686A /* UIKit.framework in Frameworks */,
				69ED79FE53CC3328AC8A9AB7 /* Foundation.framework in Frameworks */,
				69ED7A98C631C63A4E955403 /* CoreGraphics.framework in Frameworks */,
				69ED70FB57180883AD4ED3C3 /* CoreData.framework in Frameworks */,
			);
			runOnlyForDeploymentPostprocessing = 0;
		};
		69ED7BA56A398F10CB5A13AD /* Frameworks */ = {
			isa = PBXFrameworksBuildPhase;
			buildActionMask = 2147483647;
			files = (
				69ED711A9B09E976E2D1065A /* SenTestingKit.framework in Frameworks */,
				69ED710DA0CD873AEDA70FE0 /* UIKit.framework in Frameworks */,
				69ED7C22AB58BC29DC77478D /* Foundation.framework in Frameworks */,
				69ED78D52E17CCEBA1F91C5E /* CoreData.framework in Frameworks */,
			);
			runOnlyForDeploymentPostprocessing = 0;
		};
/* End PBXFrameworksBuildPhase section */

/* Begin PBXGroup section */
		69ED7171C13A6534EA5F0EA9 /* Supporting Files */ = {
			isa = PBXGroup;
			children = (
				69ED7A6158DFAB5390456E7E /* CoreDataImport-Info.plist */,
				69ED7B0DFCCDD4C903A411E3 /* InfoPlist.strings */,
				69ED792E2551B9CE857DAC1B /* main.m */,
				69ED79ACB1C52983550E9837 /* CoreDataImport-Prefix.pch */,
				69ED71E96C64E47F1F23F92F /* Default.png */,
				69ED75C4C3B5A59E059589D9 /* Default@2x.png */,
				69ED79C0616532F9561E2BD0 /* Default-568h@2x.png */,
			);
			name = "Supporting Files";
			sourceTree = "<group>";
		};
		69ED71CFFD14C00C6A4D4B76 /* Products */ = {
			isa = PBXGroup;
			children = (
				69ED7D066406459AF48254FB /* CoreDataImport.app */,
				69ED73F1309803ECBC790E98 /* CoreDataImportTests.octest */,
			);
			name = Products;
			sourceTree = "<group>";
		};
		69ED71FDA033AEE32AF0BED9 /* Supporting Files */ = {
			isa = PBXGroup;
			children = (
				69ED795F7C78C7523FF63AE0 /* CoreDataImportTests-Info.plist */,
				69ED79E22D96553ED51A89FB /* InfoPlist.strings */,
			);
			name = "Supporting Files";
			sourceTree = "<group>";
		};
		69ED72D74E785DA56C362DA4 /* CoreDataImportTests */ = {
			isa = PBXGroup;
			children = (
				69ED71FDA033AEE32AF0BED9 /* Supporting Files */,
				69ED7D45CF49C4498940FCBA /* CoreDataImportTests.h */,
				69ED78E3F28650427B744AA0 /* CoreDataImportTests.m */,
			);
			path = CoreDataImportTests;
			sourceTree = "<group>";
		};
		69ED7429A97B3C9CE5E5BD07 /* Import Operation */ = {
			isa = PBXGroup;
			children = (
				69ED78B51F9F81221A723D00 /* CDIBatch+Package.h */,
				69ED74993F76813B26698C06 /* CDIBatch.h */,
				69ED79BF52F67B086025E931 /* CDIBatch.m */,
				69ED7BC0499C86941774D924 /* CDIOperation.h */,
				69ED73DAB54D55758078B812 /* CDIOperation+Protected.h */,
				69ED79EFEF0CFA76205EB565 /* CDIOperation.m */,
			);
			path = "Import Operation";
			sourceTree = "<group>";
		};
		69ED76661DAD14B4D73874E0 /* Frameworks */ = {
			isa = PBXGroup;
			children = (
				69ED7044B53C2C227043F281 /* UIKit.framework */,
				69ED7D93D6A2818A09FFD59E /* Foundation.framework */,
				69ED7C26016F28DAA8C193C6 /* CoreGraphics.framework */,
				69ED7120B571BF8199D5EC19 /* CoreData.framework */,
				69ED7D2FA5ED3FFC4A49298A /* SenTestingKit.framework */,
			);
			name = Frameworks;
			sourceTree = "<group>";
		};
		69ED76E0098E679E2E814EA7 = {
			isa = PBXGroup;
			children = (
				69ED71CFFD14C00C6A4D4B76 /* Products */,
				69ED76661DAD14B4D73874E0 /* Frameworks */,
				69ED7AFBAA598A7E936B7C8D /* CoreDataImport */,
				69ED72D74E785DA56C362DA4 /* CoreDataImportTests */,
				69ED78DE0FA6978F3A7B7961 /* Source */,
			);
			sourceTree = "<group>";
		};
		69ED78DE0FA6978F3A7B7961 /* Source */ = {
			isa = PBXGroup;
			children = (
				69ED76D734E1ED47AD31BFAE /* NSManagedObject+CDIPrimaryKeys.m */,
				69ED71E5A71E9BC5A0779E46 /* NSManagedObject+CDIPrimaryKeys.h */,
				69ED7429A97B3C9CE5E5BD07 /* Import Operation */,
				69ED7E180DF15A1BE7660C6A /* Extension */,
			);
			path = Source;
			sourceTree = "<group>";
		};
		69ED7AFBAA598A7E936B7C8D /* CoreDataImport */ = {
			isa = PBXGroup;
			children = (
				69ED7171C13A6534EA5F0EA9 /* Supporting Files */,
				69ED7897D807100DBA58F72B /* CBIAppDelegate.h */,
				69ED7C93CCFC2340EB0E3B82 /* CBIAppDelegate.m */,
				69ED7D2905CDB05B45F8D610 /* CoreDataImport.xcdatamodeld */,
			);
			path = CoreDataImport;
			sourceTree = "<group>";
		};
		69ED7E180DF15A1BE7660C6A /* Extension */ = {
			isa = PBXGroup;
			children = (
				69ED7B06EAF3BB2FB6FD760D /* CDIExtension.h */,
			);
			path = Extension;
			sourceTree = "<group>";
		};
/* End PBXGroup section */

/* Begin PBXNativeTarget section */
		69ED72C0144CC1CEDEC53E31 /* CoreDataImport */ = {
			isa = PBXNativeTarget;
			buildConfigurationList = 69ED7BCFB74B90F412D16E3D /* Build configuration list for PBXNativeTarget "CoreDataImport" */;
			buildPhases = (
				69ED7B824ECABED75EA74959 /* Sources */,
				69ED716AD7EB69B747A5F544 /* Frameworks */,
				69ED7562E230F79313DB5AFA /* Resources */,
			);
			buildRules = (
			);
			dependencies = (
			);
			name = CoreDataImport;
			productName = CoreDataImport;
			productReference = 69ED7D066406459AF48254FB /* CoreDataImport.app */;
			productType = "com.apple.product-type.application";
		};
		69ED7332ADB5E685C03DEAB1 /* CoreDataImportTests */ = {
			isa = PBXNativeTarget;
			buildConfigurationList = 69ED7F8D51228D7D035FFCC9 /* Build configuration list for PBXNativeTarget "CoreDataImportTests" */;
			buildPhases = (
				69ED7DB3682F3AE5F81ECF29 /* Sources */,
				69ED7BA56A398F10CB5A13AD /* Frameworks */,
				69ED74A0B3271C3229D67923 /* Resources */,
				69ED76E9A145877E696E187B /* ShellScript */,
			);
			buildRules = (
			);
			dependencies = (
				69ED7CC84CE744E14EF200FC /* PBXTargetDependency */,
			);
			name = CoreDataImportTests;
			productName = CoreDataImportTests;
			productReference = 69ED73F1309803ECBC790E98 /* CoreDataImportTests.octest */;
			productType = "com.apple.product-type.bundle";
		};
/* End PBXNativeTarget section */

/* Begin PBXProject section */
		69ED754A78672B2B86557F5E /* Project object */ = {
			isa = PBXProject;
			attributes = {
				ORGANIZATIONNAME = Shemet;
			};
			buildConfigurationList = 69ED762684127AAABC314E47 /* Build configuration list for PBXProject "CoreDataImport" */;
			compatibilityVersion = "Xcode 3.2";
			developmentRegion = English;
			hasScannedForEncodings = 0;
			knownRegions = (
				en,
			);
			mainGroup = 69ED76E0098E679E2E814EA7;
			productRefGroup = 69ED71CFFD14C00C6A4D4B76 /* Products */;
			projectDirPath = "";
			projectRoot = "";
			targets = (
				69ED72C0144CC1CEDEC53E31 /* CoreDataImport */,
				69ED7332ADB5E685C03DEAB1 /* CoreDataImportTests */,
			);
		};
/* End PBXProject section */

/* Begin PBXResourcesBuildPhase section */
		69ED74A0B3271C3229D67923 /* Resources */ = {
			isa = PBXResourcesBuildPhase;
			buildActionMask = 2147483647;
			files = (
				69ED7D97224D52345884C4DD /* InfoPlist.strings in Resources */,
			);
			runOnlyForDeploymentPostprocessing = 0;
		};
		69ED7562E230F79313DB5AFA /* Resources */ = {
			isa = PBXResourcesBuildPhase;
			buildActionMask = 2147483647;
			files = (
				69ED7CF21AB4DE801241176B /* InfoPlist.strings in Resources */,
				69ED7E7CE11356CE2A42F2F4 /* Default.png in Resources */,
				69ED78B934059DAF7E58CFF1 /* Default@2x.png in Resources */,
				69ED737C54E5637F6295BAB9 /* Default-568h@2x.png in Resources */,
			);
			runOnlyForDeploymentPostprocessing = 0;
		};
/* End PBXResourcesBuildPhase section */

/* Begin PBXShellScriptBuildPhase section */
		69ED76E9A145877E696E187B /* ShellScript */ = {
			isa = PBXShellScriptBuildPhase;
			buildActionMask = 2147483647;
			files = (
			);
			inputPaths = (
			);
			outputPaths = (
			);
			runOnlyForDeploymentPostprocessing = 0;
			shellPath = /bin/sh;
			shellScript = "# Run the unit tests in this test bundle.\n\"${SYSTEM_DEVELOPER_DIR}/Tools/RunUnitTests\"\n";
		};
/* End PBXShellScriptBuildPhase section */

/* Begin PBXSourcesBuildPhase section */
		69ED7B824ECABED75EA74959 /* Sources */ = {
			isa = PBXSourcesBuildPhase;
			buildActionMask = 2147483647;
			files = (
				69ED7C41F15D485DC5CA10ED /* main.m in Sources */,
				69ED750A383132A65474E50A /* CBIAppDelegate.m in Sources */,
				69ED73478A6BED4462A95D99 /* CoreDataImport.xcdatamodeld in Sources */,
				69ED7CE5445B20CA953DEF4E /* NSManagedObject+CDIPrimaryKeys.m in Sources */,
				69ED77331A63075062A0F71D /* CDIBatch.m in Sources */,
				69ED79568364AF78B28F65B9 /* CDIOperation.m in Sources */,
			);
			runOnlyForDeploymentPostprocessing = 0;
		};
		69ED7DB3682F3AE5F81ECF29 /* Sources */ = {
			isa = PBXSourcesBuildPhase;
			buildActionMask = 2147483647;
			files = (
				69ED73C21210E706A6F07707 /* CoreDataImportTests.m in Sources */,
			);
			runOnlyForDeploymentPostprocessing = 0;
		};
/* End PBXSourcesBuildPhase section */

/* Begin PBXTargetDependency section */
		69ED7CC84CE744E14EF200FC /* PBXTargetDependency */ = {
			isa = PBXTargetDependency;
			target = 69ED72C0144CC1CEDEC53E31 /* CoreDataImport */;
			targetProxy = 69ED7F9D6364DC695A846972 /* PBXContainerItemProxy */;
		};
/* End PBXTargetDependency section */

/* Begin PBXVariantGroup section */
		69ED79E22D96553ED51A89FB /* InfoPlist.strings */ = {
			isa = PBXVariantGroup;
			children = (
				69ED77948590F90E822A1B85 /* en */,
			);
			name = InfoPlist.strings;
			sourceTree = "<group>";
		};
		69ED7B0DFCCDD4C903A411E3 /* InfoPlist.strings */ = {
			isa = PBXVariantGroup;
			children = (
				69ED7A526E946237B6016827 /* en */,
			);
			name = InfoPlist.strings;
			sourceTree = "<group>";
		};
/* End PBXVariantGroup section */

/* Begin XCBuildConfiguration section */
		69ED74E1D2EBA44F19E7B38D /* Release */ = {
			isa = XCBuildConfiguration;
			buildSettings = {
				BUNDLE_LOADER = "$(BUILT_PRODUCTS_DIR)/CoreDataImport.app/CoreDataImport";
				FRAMEWORK_SEARCH_PATHS = (
					"\"$(SDKROOT)/Developer/Library/Frameworks\"",
					"\"$(DEVELOPER_LIBRARY_DIR)/Frameworks\"",
				);
				GCC_PRECOMPILE_PREFIX_HEADER = YES;
				GCC_PREFIX_HEADER = "CoreDataImport/CoreDataImport-Prefix.pch";
				INFOPLIST_FILE = "CoreDataImportTests/CoreDataImportTests-Info.plist";
				PRODUCT_NAME = "$(TARGET_NAME)";
				TEST_HOST = "$(BUNDLE_LOADER)";
				WRAPPER_EXTENSION = octest;
			};
			name = Release;
		};
		69ED756F2D05C5789453786D /* Debug */ = {
			isa = XCBuildConfiguration;
			buildSettings = {
				GCC_PRECOMPILE_PREFIX_HEADER = YES;
				GCC_PREFIX_HEADER = "CoreDataImport/CoreDataImport-Prefix.pch";
				INFOPLIST_FILE = "CoreDataImport/CoreDataImport-Info.plist";
				PRODUCT_NAME = "$(TARGET_NAME)";
				WRAPPER_EXTENSION = app;
			};
			name = Debug;
		};
		69ED763E0A5992BF056ADF10 /* Debug */ = {
			isa = XCBuildConfiguration;
			buildSettings = {
				ALWAYS_SEARCH_USER_PATHS = NO;
				CLANG_CXX_LANGUAGE_STANDARD = "gnu++0x";
				CLANG_CXX_LIBRARY = "libc++";
				CLANG_ENABLE_OBJC_ARC = YES;
				CLANG_WARN_CONSTANT_CONVERSION = YES;
				CLANG_WARN_EMPTY_BODY = YES;
				CLANG_WARN_ENUM_CONVERSION = YES;
				CLANG_WARN_INT_CONVERSION = YES;
				CLANG_WARN__DUPLICATE_METHOD_MATCH = YES;
				"CODE_SIGN_IDENTITY[sdk=iphoneos*]" = "iPhone Developer";
				COPY_PHASE_STRIP = NO;
				GCC_C_LANGUAGE_STANDARD = gnu99;
				GCC_DYNAMIC_NO_PIC = NO;
				GCC_OPTIMIZATION_LEVEL = 0;
				GCC_PREPROCESSOR_DEFINITIONS = (
					"DEBUG=1",
					"$(inherited)",
				);
				GCC_SYMBOLS_PRIVATE_EXTERN = NO;
				GCC_WARN_ABOUT_RETURN_TYPE = YES;
				GCC_WARN_UNINITIALIZED_AUTOS = YES;
				GCC_WARN_UNUSED_VARIABLE = YES;
				IPHONEOS_DEPLOYMENT_TARGET = 6.1;
				ONLY_ACTIVE_ARCH = YES;
				SDKROOT = iphoneos;
				TARGETED_DEVICE_FAMILY = "1,2";
			};
			name = Debug;
		};
		69ED7655E294AAD9E9082EA3 /* Release */ = {
			isa = XCBuildConfiguration;
			buildSettings = {
				GCC_PRECOMPILE_PREFIX_HEADER = YES;
				GCC_PREFIX_HEADER = "CoreDataImport/CoreDataImport-Prefix.pch";
				INFOPLIST_FILE = "CoreDataImport/CoreDataImport-Info.plist";
				PRODUCT_NAME = "$(TARGET_NAME)";
				WRAPPER_EXTENSION = app;
			};
			name = Release;
		};
		69ED7B303437E1F64F1D2577 /* Release */ = {
			isa = XCBuildConfiguration;
			buildSettings = {
				ALWAYS_SEARCH_USER_PATHS = NO;
				CLANG_CXX_LANGUAGE_STANDARD = "gnu++0x";
				CLANG_CXX_LIBRARY = "libc++";
				CLANG_ENABLE_OBJC_ARC = YES;
				CLANG_WARN_CONSTANT_CONVERSION = YES;
				CLANG_WARN_EMPTY_BODY = YES;
				CLANG_WARN_ENUM_CONVERSION = YES;
				CLANG_WARN_INT_CONVERSION = YES;
				CLANG_WARN__DUPLICATE_METHOD_MATCH = YES;
				"CODE_SIGN_IDENTITY[sdk=iphoneos*]" = "iPhone Developer";
				COPY_PHASE_STRIP = YES;
				GCC_C_LANGUAGE_STANDARD = gnu99;
				GCC_WARN_ABOUT_RETURN_TYPE = YES;
				GCC_WARN_UNINITIALIZED_AUTOS = YES;
				GCC_WARN_UNUSED_VARIABLE = YES;
				IPHONEOS_DEPLOYMENT_TARGET = 6.1;
				OTHER_CFLAGS = "-DNS_BLOCK_ASSERTIONS=1";
				SDKROOT = iphoneos;
				TARGETED_DEVICE_FAMILY = "1,2";
				VALIDATE_PRODUCT = YES;
			};
			name = Release;
		};
		69ED7EEB0E909AA8E15EB745 /* Debug */ = {
			isa = XCBuildConfiguration;
			buildSettings = {
				BUNDLE_LOADER = "$(BUILT_PRODUCTS_DIR)/CoreDataImport.app/CoreDataImport";
				FRAMEWORK_SEARCH_PATHS = (
					"\"$(SDKROOT)/Developer/Library/Frameworks\"",
					"\"$(DEVELOPER_LIBRARY_DIR)/Frameworks\"",
				);
				GCC_PRECOMPILE_PREFIX_HEADER = YES;
				GCC_PREFIX_HEADER = "CoreDataImport/CoreDataImport-Prefix.pch";
				INFOPLIST_FILE = "CoreDataImportTests/CoreDataImportTests-Info.plist";
				PRODUCT_NAME = "$(TARGET_NAME)";
				TEST_HOST = "$(BUNDLE_LOADER)";
				WRAPPER_EXTENSION = octest;
			};
			name = Debug;
		};
/* End XCBuildConfiguration section */

/* Begin XCConfigurationList section */
		69ED762684127AAABC314E47 /* Build configuration list for PBXProject "CoreDataImport" */ = {
			isa = XCConfigurationList;
			buildConfigurations = (
				69ED7B303437E1F64F1D2577 /* Release */,
				69ED763E0A5992BF056ADF10 /* Debug */,
			);
			defaultConfigurationIsVisible = 0;
			defaultConfigurationName = Release;
		};
		69ED7BCFB74B90F412D16E3D /* Build configuration list for PBXNativeTarget "CoreDataImport" */ = {
			isa = XCConfigurationList;
			buildConfigurations = (
				69ED7655E294AAD9E9082EA3 /* Release */,
				69ED756F2D05C5789453786D /* Debug */,
			);
			defaultConfigurationIsVisible = 0;
		};
		69ED7F8D51228D7D035FFCC9 /* Build configuration list for PBXNativeTarget "CoreDataImportTests" */ = {
			isa = XCConfigurationList;
			buildConfigurations = (
				69ED74E1D2EBA44F19E7B38D /* Release */,
				69ED7EEB0E909AA8E15EB745 /* Debug */,
			);
			defaultConfigurationIsVisible = 0;
		};
/* End XCConfigurationList section */

/* Begin XCVersionGroup section */
		69ED7D2905CDB05B45F8D610 /* CoreDataImport.xcdatamodeld */ = {
			isa = XCVersionGroup;
			children = (
				69ED72D274935ACF088BF12F /* CoreDataImport.xcdatamodel */,
			);
			currentVersion = 69ED72D274935ACF088BF12F /* CoreDataImport.xcdatamodel */;
			path = CoreDataImport.xcdatamodeld;
			sourceTree = "<group>";
			versionGroupType = wrapper.xcdatamodel;
		};
/* End XCVersionGroup section */
	};
	rootObject = 69ED754A78672B2B86557F5E /* Project object */;
}
